# This file is automatically @generated by Cargo.
# It is not intended for manual editing.
version = 4

[[package]]
name = "havoc-core"
version = "0.1.0"
dependencies = [
 "havoc-ipc",
]

[[package]]
name = "havoc-ipc"
version = "0.1.0"

[[package]]
name = "havoc-transport"
version = "0.1.0"
dependencies = [
 "havoc-ipc",
]

[[package]]
name = "supernaut"
version = "0.1.0"
dependencies = [
 "havoc-core",
 "havoc-ipc",
 "havoc-transport",
 "supernaut-tui",
]

[[package]]
name = "supernaut-tui"
version = "0.1.0"
dependencies = [
 "havoc-ipc",
]
